
Microsoft Visual Studio Solution File, Format Version 12.00
# Visual Studio Version 17
VisualStudioVersion = 17.6.33815.320
MinimumVisualStudioVersion = 10.0.40219.1
Project("{FAE04EC0-301F-11D3-BF4B-00C04F79EFBC}") = "Vabre_Clement_Calculatrice", "Vabre_Clement_Calculatrice\Vabre_Clement_Calculatrice.csproj", "{878FFF43-1BBF-4C69-A00D-71F9E1812135}"
EndProject
Global
	GlobalSection(SolutionConfigurationPlatforms) = preSolution
		Debug|Any CPU = Debug|Any CPU
		Release|Any CPU = Release|Any CPU
	EndGlobalSection
	GlobalSection(ProjectConfigurationPlatforms) = postSolution
		{878FFF43-1BBF-4C69-A00D-71F9E1812135}.Debug|Any CPU.ActiveCfg = Debug|Any CPU
		{878FFF43-1BBF-4C69-A00D-71F9E1812135}.Debug|Any CPU.Build.0 = Debug|Any CPU
		{878FFF43-1BBF-4C69-A00D-71F9E1812135}.Release|Any CPU.ActiveCfg = Release|Any CPU
		{878FFF43-1BBF-4C69-A00D-71F9E1812135}.Release|Any CPU.Build.0 = Release|Any CPU
	EndGlobalSection
	GlobalSection(SolutionProperties) = preSolution
		HideSolutionNode = FALSE
	EndGlobalSection
	GlobalSection(ExtensibilityGlobals) = postSolution
		SolutionGuid = {FBF1987E-7BA4-4C57-987D-41A5B208DCD2}
	EndGlobalSection
EndGlobal
